
Microsoft Visual Studio Solution File, Format Version 12.00
# Visual Studio 15
VisualStudioVersion = 15.0.28307.902
MinimumVisualStudioVersion = 10.0.40219.1
Project("{8BC9CEB8-8B4A-11D0-8D11-00A0C91BC942}") = "socket_tpc_set_options", "socket_tpc_set_options\socket_tpc_set_options.vcxproj", "{BF6FB5DF-AEB0-42DF-AFF1-AC80B6AC53EE}"
EndProject
Global
	GlobalSection(SolutionConfigurationPlatforms) = preSolution
		Debug|x64 = Debug|x64
		Debug|x86 = Debug|x86
		Release|x64 = Release|x64
		Release|x86 = Release|x86
	EndGlobalSection
	GlobalSection(ProjectConfigurationPlatforms) = postSolution
		{BF6FB5DF-AEB0-42DF-AFF1-AC80B6AC53EE}.Debug|x64.ActiveCfg = Debug|x64
		{BF6FB5DF-AEB0-42DF-AFF1-AC80B6AC53EE}.Debug|x64.Build.0 = Debug|x64
		{BF6FB5DF-AEB0-42DF-AFF1-AC80B6AC53EE}.Debug|x86.ActiveCfg = Debug|Win32
		{BF6FB5DF-AEB0-42DF-AFF1-AC80B6AC53EE}.Debug|x86.Build.0 = Debug|Win32
		{BF6FB5DF-AEB0-42DF-AFF1-AC80B6AC53EE}.Release|x64.ActiveCfg = Release|x64
		{BF6FB5DF-AEB0-42DF-AFF1-AC80B6AC53EE}.Release|x64.Build.0 = Release|x64
		{BF6FB5DF-AEB0-42DF-AFF1-AC80B6AC53EE}.Release|x86.ActiveCfg = Release|Win32
		{BF6FB5DF-AEB0-42DF-AFF1-AC80B6AC53EE}.Release|x86.Build.0 = Release|Win32
	EndGlobalSection
	GlobalSection(SolutionProperties) = preSolution
		HideSolutionNode = FALSE
	EndGlobalSection
	GlobalSection(ExtensibilityGlobals) = postSolution
		SolutionGuid = {3A916A04-199F-440B-BF1F-7E387D695AA4}
	EndGlobalSection
EndGlobal
