
Microsoft Visual Studio Solution File, Format Version 12.00
# Visual Studio 15
VisualStudioVersion = 15.0.28307.902
MinimumVisualStudioVersion = 10.0.40219.1
Project("{8BC9CEB8-8B4A-11D0-8D11-00A0C91BC942}") = "udp_learn02_serve", "socket_udp_learn02\socket_udp_learn02.vcxproj", "{8517BB03-FEA4-4049-86A1-5B0439E17980}"
EndProject
Project("{8BC9CEB8-8B4A-11D0-8D11-00A0C91BC942}") = "udp_client", "udp_client\udp_client.vcxproj", "{90CB6482-A1B7-4208-852D-7DD531DF83C3}"
EndProject
Global
	GlobalSection(SolutionConfigurationPlatforms) = preSolution
		Debug|x64 = Debug|x64
		Debug|x86 = Debug|x86
		Release|x64 = Release|x64
		Release|x86 = Release|x86
	EndGlobalSection
	GlobalSection(ProjectConfigurationPlatforms) = postSolution
		{8517BB03-FEA4-4049-86A1-5B0439E17980}.Debug|x64.ActiveCfg = Debug|x64
		{8517BB03-FEA4-4049-86A1-5B0439E17980}.Debug|x64.Build.0 = Debug|x64
		{8517BB03-FEA4-4049-86A1-5B0439E17980}.Debug|x86.ActiveCfg = Debug|Win32
		{8517BB03-FEA4-4049-86A1-5B0439E17980}.Debug|x86.Build.0 = Debug|Win32
		{8517BB03-FEA4-4049-86A1-5B0439E17980}.Release|x64.ActiveCfg = Release|x64
		{8517BB03-FEA4-4049-86A1-5B0439E17980}.Release|x64.Build.0 = Release|x64
		{8517BB03-FEA4-4049-86A1-5B0439E17980}.Release|x86.ActiveCfg = Release|Win32
		{8517BB03-FEA4-4049-86A1-5B0439E17980}.Release|x86.Build.0 = Release|Win32
		{90CB6482-A1B7-4208-852D-7DD531DF83C3}.Debug|x64.ActiveCfg = Debug|x64
		{90CB6482-A1B7-4208-852D-7DD531DF83C3}.Debug|x64.Build.0 = Debug|x64
		{90CB6482-A1B7-4208-852D-7DD531DF83C3}.Debug|x86.ActiveCfg = Debug|Win32
		{90CB6482-A1B7-4208-852D-7DD531DF83C3}.Debug|x86.Build.0 = Debug|Win32
		{90CB6482-A1B7-4208-852D-7DD531DF83C3}.Release|x64.ActiveCfg = Release|x64
		{90CB6482-A1B7-4208-852D-7DD531DF83C3}.Release|x64.Build.0 = Release|x64
		{90CB6482-A1B7-4208-852D-7DD531DF83C3}.Release|x86.ActiveCfg = Release|Win32
		{90CB6482-A1B7-4208-852D-7DD531DF83C3}.Release|x86.Build.0 = Release|Win32
	EndGlobalSection
	GlobalSection(SolutionProperties) = preSolution
		HideSolutionNode = FALSE
	EndGlobalSection
	GlobalSection(ExtensibilityGlobals) = postSolution
		SolutionGuid = {3EBC555B-21A2-4D2E-BF9D-2215CBF0CB28}
	EndGlobalSection
EndGlobal
