
Microsoft Visual Studio Solution File, Format Version 12.00
# Visual Studio 15
VisualStudioVersion = 15.0.28307.902
MinimumVisualStudioVersion = 10.0.40219.1
Project("{8BC9CEB8-8B4A-11D0-8D11-00A0C91BC942}") = "socket_learn01", "socket_learn01\socket_learn01.vcxproj", "{C75DDE42-B515-4D90-A4D9-1CA54B6ECF5A}"
EndProject
Global
	GlobalSection(SolutionConfigurationPlatforms) = preSolution
		Debug|x64 = Debug|x64
		Debug|x86 = Debug|x86
		Release|x64 = Release|x64
		Release|x86 = Release|x86
	EndGlobalSection
	GlobalSection(ProjectConfigurationPlatforms) = postSolution
		{C75DDE42-B515-4D90-A4D9-1CA54B6ECF5A}.Debug|x64.ActiveCfg = Debug|x64
		{C75DDE42-B515-4D90-A4D9-1CA54B6ECF5A}.Debug|x64.Build.0 = Debug|x64
		{C75DDE42-B515-4D90-A4D9-1CA54B6ECF5A}.Debug|x86.ActiveCfg = Debug|Win32
		{C75DDE42-B515-4D90-A4D9-1CA54B6ECF5A}.Debug|x86.Build.0 = Debug|Win32
		{C75DDE42-B515-4D90-A4D9-1CA54B6ECF5A}.Release|x64.ActiveCfg = Release|x64
		{C75DDE42-B515-4D90-A4D9-1CA54B6ECF5A}.Release|x64.Build.0 = Release|x64
		{C75DDE42-B515-4D90-A4D9-1CA54B6ECF5A}.Release|x86.ActiveCfg = Release|Win32
		{C75DDE42-B515-4D90-A4D9-1CA54B6ECF5A}.Release|x86.Build.0 = Release|Win32
	EndGlobalSection
	GlobalSection(SolutionProperties) = preSolution
		HideSolutionNode = FALSE
	EndGlobalSection
	GlobalSection(ExtensibilityGlobals) = postSolution
		SolutionGuid = {162A6A77-34D9-41B9-8C18-0270E85596B2}
	EndGlobalSection
EndGlobal
