
Microsoft Visual Studio Solution File, Format Version 12.00
# Visual Studio 15
VisualStudioVersion = 15.0.28307.902
MinimumVisualStudioVersion = 10.0.40219.1
Project("{8BC9CEB8-8B4A-11D0-8D11-00A0C91BC942}") = "seocket_tcp_defineLen", "seocket_tcp_defineLen\seocket_tcp_defineLen.vcxproj", "{20910100-94DE-4537-B4C7-80D54F206F5C}"
EndProject
Project("{8BC9CEB8-8B4A-11D0-8D11-00A0C91BC942}") = "socket_tcp_client_defineLen", "socket_tcp_client_defineLen\socket_tcp_client_defineLen.vcxproj", "{88BCF634-E120-4E63-B602-BBFD0FFB3F43}"
EndProject
Global
	GlobalSection(SolutionConfigurationPlatforms) = preSolution
		Debug|x64 = Debug|x64
		Debug|x86 = Debug|x86
		Release|x64 = Release|x64
		Release|x86 = Release|x86
	EndGlobalSection
	GlobalSection(ProjectConfigurationPlatforms) = postSolution
		{20910100-94DE-4537-B4C7-80D54F206F5C}.Debug|x64.ActiveCfg = Debug|x64
		{20910100-94DE-4537-B4C7-80D54F206F5C}.Debug|x64.Build.0 = Debug|x64
		{20910100-94DE-4537-B4C7-80D54F206F5C}.Debug|x86.ActiveCfg = Debug|Win32
		{20910100-94DE-4537-B4C7-80D54F206F5C}.Debug|x86.Build.0 = Debug|Win32
		{20910100-94DE-4537-B4C7-80D54F206F5C}.Release|x64.ActiveCfg = Release|x64
		{20910100-94DE-4537-B4C7-80D54F206F5C}.Release|x64.Build.0 = Release|x64
		{20910100-94DE-4537-B4C7-80D54F206F5C}.Release|x86.ActiveCfg = Release|Win32
		{20910100-94DE-4537-B4C7-80D54F206F5C}.Release|x86.Build.0 = Release|Win32
		{88BCF634-E120-4E63-B602-BBFD0FFB3F43}.Debug|x64.ActiveCfg = Debug|x64
		{88BCF634-E120-4E63-B602-BBFD0FFB3F43}.Debug|x64.Build.0 = Debug|x64
		{88BCF634-E120-4E63-B602-BBFD0FFB3F43}.Debug|x86.ActiveCfg = Debug|Win32
		{88BCF634-E120-4E63-B602-BBFD0FFB3F43}.Debug|x86.Build.0 = Debug|Win32
		{88BCF634-E120-4E63-B602-BBFD0FFB3F43}.Release|x64.ActiveCfg = Release|x64
		{88BCF634-E120-4E63-B602-BBFD0FFB3F43}.Release|x64.Build.0 = Release|x64
		{88BCF634-E120-4E63-B602-BBFD0FFB3F43}.Release|x86.ActiveCfg = Release|Win32
		{88BCF634-E120-4E63-B602-BBFD0FFB3F43}.Release|x86.Build.0 = Release|Win32
	EndGlobalSection
	GlobalSection(SolutionProperties) = preSolution
		HideSolutionNode = FALSE
	EndGlobalSection
	GlobalSection(ExtensibilityGlobals) = postSolution
		SolutionGuid = {15026FB6-042F-4ADF-AC92-D5015C1A9C8D}
	EndGlobalSection
EndGlobal
